
Microsoft Visual Studio Solution File, Format Version 12.00
# Visual Studio 15
VisualStudioVersion = 15.0.27703.2000
MinimumVisualStudioVersion = 10.0.40219.1
Project("{FAE04EC0-301F-11D3-BF4B-00C04F79EFBC}") = "HackIt", "HackIt\HackIt.csproj", "{9B2C4E3A-A311-469D-B78E-0953AF2F0D7B}"
EndProject
Project("{FAE04EC0-301F-11D3-BF4B-00C04F79EFBC}") = "HackIt.Core", "HackIt.Core\HackIt.Core.csproj", "{0EFFC56A-9A48-4B76-B8F6-3B0A9A68C23A}"
EndProject
Project("{2150E333-8FDC-42A3-9474-1A3956D46DE8}") = "Solution Items", "Solution Items", "{358B5C85-77CE-49F4-A270-7CD91EC132D2}"
	ProjectSection(SolutionItems) = preProject
		ToDo.txt = ToDo.txt
	EndProjectSection
EndProject
Project("{FAE04EC0-301F-11D3-BF4B-00C04F79EFBC}") = "MissionBuilder", "MissionBuilder\MissionBuilder.csproj", "{025309A1-CDBF-4281-BCDA-FBA5AEF8F2C2}"
EndProject
Project("{FAE04EC0-301F-11D3-BF4B-00C04F79EFBC}") = "HackIt.UI", "HackIt.UI\HackIt.UI.csproj", "{515F3F68-E081-4E43-8DF4-844173DC8A5E}"
EndProject
Project("{FAE04EC0-301F-11D3-BF4B-00C04F79EFBC}") = "HackIt.Console", "HackIt.Console\HackIt.Console.csproj", "{7165927D-39DF-460F-8F20-4685E2C9C758}"
EndProject
Project("{FAE04EC0-301F-11D3-BF4B-00C04F79EFBC}") = "Core.Tests", "Core.Tests\Core.Tests.csproj", "{E7B1412E-AAEC-4480-8B11-91341ED01CDA}"
EndProject
Global
	GlobalSection(SolutionConfigurationPlatforms) = preSolution
		Debug|Any CPU = Debug|Any CPU
		Release|Any CPU = Release|Any CPU
	EndGlobalSection
	GlobalSection(ProjectConfigurationPlatforms) = postSolution
		{9B2C4E3A-A311-469D-B78E-0953AF2F0D7B}.Debug|Any CPU.ActiveCfg = Debug|Any CPU
		{9B2C4E3A-A311-469D-B78E-0953AF2F0D7B}.Debug|Any CPU.Build.0 = Debug|Any CPU
		{9B2C4E3A-A311-469D-B78E-0953AF2F0D7B}.Release|Any CPU.ActiveCfg = Release|Any CPU
		{9B2C4E3A-A311-469D-B78E-0953AF2F0D7B}.Release|Any CPU.Build.0 = Release|Any CPU
		{0EFFC56A-9A48-4B76-B8F6-3B0A9A68C23A}.Debug|Any CPU.ActiveCfg = Debug|Any CPU
		{0EFFC56A-9A48-4B76-B8F6-3B0A9A68C23A}.Debug|Any CPU.Build.0 = Debug|Any CPU
		{0EFFC56A-9A48-4B76-B8F6-3B0A9A68C23A}.Release|Any CPU.ActiveCfg = Release|Any CPU
		{0EFFC56A-9A48-4B76-B8F6-3B0A9A68C23A}.Release|Any CPU.Build.0 = Release|Any CPU
		{025309A1-CDBF-4281-BCDA-FBA5AEF8F2C2}.Debug|Any CPU.ActiveCfg = Debug|Any CPU
		{025309A1-CDBF-4281-BCDA-FBA5AEF8F2C2}.Debug|Any CPU.Build.0 = Debug|Any CPU
		{025309A1-CDBF-4281-BCDA-FBA5AEF8F2C2}.Release|Any CPU.ActiveCfg = Release|Any CPU
		{025309A1-CDBF-4281-BCDA-FBA5AEF8F2C2}.Release|Any CPU.Build.0 = Release|Any CPU
		{515F3F68-E081-4E43-8DF4-844173DC8A5E}.Debug|Any CPU.ActiveCfg = Debug|Any CPU
		{515F3F68-E081-4E43-8DF4-844173DC8A5E}.Debug|Any CPU.Build.0 = Debug|Any CPU
		{515F3F68-E081-4E43-8DF4-844173DC8A5E}.Release|Any CPU.ActiveCfg = Release|Any CPU
		{515F3F68-E081-4E43-8DF4-844173DC8A5E}.Release|Any CPU.Build.0 = Release|Any CPU
		{7165927D-39DF-460F-8F20-4685E2C9C758}.Debug|Any CPU.ActiveCfg = Debug|Any CPU
		{7165927D-39DF-460F-8F20-4685E2C9C758}.Debug|Any CPU.Build.0 = Debug|Any CPU
		{7165927D-39DF-460F-8F20-4685E2C9C758}.Release|Any CPU.ActiveCfg = Release|Any CPU
		{7165927D-39DF-460F-8F20-4685E2C9C758}.Release|Any CPU.Build.0 = Release|Any CPU
		{E7B1412E-AAEC-4480-8B11-91341ED01CDA}.Debug|Any CPU.ActiveCfg = Debug|Any CPU
		{E7B1412E-AAEC-4480-8B11-91341ED01CDA}.Debug|Any CPU.Build.0 = Debug|Any CPU
		{E7B1412E-AAEC-4480-8B11-91341ED01CDA}.Release|Any CPU.ActiveCfg = Release|Any CPU
		{E7B1412E-AAEC-4480-8B11-91341ED01CDA}.Release|Any CPU.Build.0 = Release|Any CPU
	EndGlobalSection
	GlobalSection(SolutionProperties) = preSolution
		HideSolutionNode = FALSE
	EndGlobalSection
	GlobalSection(ExtensibilityGlobals) = postSolution
		SolutionGuid = {565E562D-74E5-41CD-8080-76972E08BB5E}
	EndGlobalSection
EndGlobal
